<Solution>
  <Folder Name="/src/">
    <Project Path="src/RamziWarehouse.Api/RamziWarehouse.Api.csproj" />
    <Project Path="src/RamziWarehouse.Application/RamziWarehouse.Application.csproj" />
    <Project Path="src/RamziWarehouse.Domain/RamziWarehouse.Domain.csproj" />
    <Project Path="src/RamziWarehouse.Infrastructure/RamziWarehouse.Infrastructure.csproj" />
  </Folder>
  <Folder Name="/tests/">
    <Project Path="tests/RamziWarehouse.Api.IntegrationTests/RamziWarehouse.Api.IntegrationTests.csproj" />
    <Project Path="tests/RamziWarehouse.Domain.UnitTests/RamziWarehouse.Domain.UnitTests.csproj" />
  </Folder>
</Solution>
